// !$*UTF8*$!
{
	archiveVersion = 1;
	classes = {
	};
	objectVersion = 46;
	objects = {

/* Begin PBXBuildFile section */
		0E737BF5F98846F9B5BE409F /* libPods-osx.a in Frameworks */ = {isa = PBXBuildFile; fileRef = 16AA506B5C92411F99D47C04 /* libPods-osx.a */; };
		AA95CFB5D4D645FBA33970FA /* libPods-ios.a in Frameworks */ = {isa = PBXBuildFile; fileRef = 2889AC4E03F84AEBA00A58C0 /* libPods-ios.a */; };
		E900396918EB6184003FB19C /* XCTest.framework in Frameworks */ = {isa = PBXBuildFile; fileRef = E932CB9418DC6F1C00D8A287 /* XCTest.framework */; };
		E900397818EB6293003FB19C /* TFGRelativeDateFormatterTests.m in Sources */ = {isa = PBXBuildFile; fileRef = E900397718EB6293003FB19C /* TFGRelativeDateFormatterTests.m */; };
		E900397918EB6293003FB19C /* TFGRelativeDateFormatterTests.m in Sources */ = {isa = PBXBuildFile; fileRef = E900397718EB6293003FB19C /* TFGRelativeDateFormatterTests.m */; };
		E932CB7318DC6F1C00D8A287 /* Foundation.framework in Frameworks */ = {isa = PBXBuildFile; fileRef = E932CB7218DC6F1C00D8A287 /* Foundation.framework */; };
		E932CB7518DC6F1C00D8A287 /* CoreGraphics.framework in Frameworks */ = {isa = PBXBuildFile; fileRef = E932CB7418DC6F1C00D8A287 /* CoreGraphics.framework */; };
		E932CB7718DC6F1C00D8A287 /* UIKit.framework in Frameworks */ = {isa = PBXBuildFile; fileRef = E932CB7618DC6F1C00D8A287 /* UIKit.framework */; };
		E932CB7D18DC6F1C00D8A287 /* InfoPlist.strings in Resources */ = {isa = PBXBuildFile; fileRef = E932CB7B18DC6F1C00D8A287 /* InfoPlist.strings */; };
		E932CB7F18DC6F1C00D8A287 /* main.m in Sources */ = {isa = PBXBuildFile; fileRef = E932CB7E18DC6F1C00D8A287 /* main.m */; };
		E932CB8318DC6F1C00D8A287 /* AppDelegate.m in Sources */ = {isa = PBXBuildFile; fileRef = E932CB8218DC6F1C00D8A287 /* AppDelegate.m */; };
		E932CB8618DC6F1C00D8A287 /* Main.storyboard in Resources */ = {isa = PBXBuildFile; fileRef = E932CB8418DC6F1C00D8A287 /* Main.storyboard */; };
		E932CB8E18DC6F1C00D8A287 /* Images.xcassets in Resources */ = {isa = PBXBuildFile; fileRef = E932CB8D18DC6F1C00D8A287 /* Images.xcassets */; };
		E932CB9518DC6F1C00D8A287 /* XCTest.framework in Frameworks */ = {isa = PBXBuildFile; fileRef = E932CB9418DC6F1C00D8A287 /* XCTest.framework */; };
		E932CB9618DC6F1C00D8A287 /* Foundation.framework in Frameworks */ = {isa = PBXBuildFile; fileRef = E932CB7218DC6F1C00D8A287 /* Foundation.framework */; };
		E932CB9718DC6F1C00D8A287 /* UIKit.framework in Frameworks */ = {isa = PBXBuildFile; fileRef = E932CB7618DC6F1C00D8A287 /* UIKit.framework */; };
		E932CBAC18DC6F5700D8A287 /* TableViewController.m in Sources */ = {isa = PBXBuildFile; fileRef = E932CBAB18DC6F5700D8A287 /* TableViewController.m */; };
/* End PBXBuildFile section */

/* Begin PBXContainerItemProxy section */
		E932CB9818DC6F1C00D8A287 /* PBXContainerItemProxy */ = {
			isa = PBXContainerItemProxy;
			containerPortal = E932CB6718DC6F1C00D8A287 /* Project object */;
			proxyType = 1;
			remoteGlobalIDString = E932CB6E18DC6F1C00D8A287;
			remoteInfo = TFGRelativeDateFormatterExample;
		};
/* End PBXContainerItemProxy section */

/* Begin PBXFileReference section */
		16AA506B5C92411F99D47C04 /* libPods-osx.a */ = {isa = PBXFileReference; explicitFileType = archive.ar; includeInIndex = 0; path = "libPods-osx.a"; sourceTree = BUILT_PRODUCTS_DIR; };
		2889AC4E03F84AEBA00A58C0 /* libPods-ios.a */ = {isa = PBXFileReference; explicitFileType = archive.ar; includeInIndex = 0; path = "libPods-ios.a"; sourceTree = BUILT_PRODUCTS_DIR; };
		49DBB748A3DF4C4C84ED8224 /* libPods.a */ = {isa = PBXFileReference; explicitFileType = archive.ar; includeInIndex = 0; path = libPods.a; sourceTree = BUILT_PRODUCTS_DIR; };
		6F30E993EF6F4C018AF1C078 /* Pods-ios.xcconfig */ = {isa = PBXFileReference; includeInIndex = 1; lastKnownFileType = text.xcconfig; name = "Pods-ios.xcconfig"; path = "../Pods/Pods-ios.xcconfig"; sourceTree = "<group>"; };
		DD56A69E12D24C7B804FA6B8 /* Pods-osx.xcconfig */ = {isa = PBXFileReference; includeInIndex = 1; lastKnownFileType = text.xcconfig; name = "Pods-osx.xcconfig"; path = "../Pods/Pods-osx.xcconfig"; sourceTree = "<group>"; };
		E7DFEC00B6F6492F9C1ED891 /* libPods-TFGRelativeDateFormatterExample.a */ = {isa = PBXFileReference; explicitFileType = archive.ar; includeInIndex = 0; path = "libPods-TFGRelativeDateFormatterExample.a"; sourceTree = BUILT_PRODUCTS_DIR; };
		E900396818EB6184003FB19C /* OS X Tests.xctest */ = {isa = PBXFileReference; explicitFileType = wrapper.cfbundle; includeInIndex = 0; path = "OS X Tests.xctest"; sourceTree = BUILT_PRODUCTS_DIR; };
		E900396C18EB6184003FB19C /* OS X Tests-Info.plist */ = {isa = PBXFileReference; lastKnownFileType = text.plist.xml; path = "OS X Tests-Info.plist"; sourceTree = "<group>"; };
		E900397718EB6293003FB19C /* TFGRelativeDateFormatterTests.m */ = {isa = PBXFileReference; fileEncoding = 4; lastKnownFileType = sourcecode.c.objc; path = TFGRelativeDateFormatterTests.m; sourceTree = "<group>"; };
		E932CB6F18DC6F1C00D8A287 /* TFGRelativeDateFormatterExample.app */ = {isa = PBXFileReference; explicitFileType = wrapper.application; includeInIndex = 0; path = TFGRelativeDateFormatterExample.app; sourceTree = BUILT_PRODUCTS_DIR; };
		E932CB7218DC6F1C00D8A287 /* Foundation.framework */ = {isa = PBXFileReference; lastKnownFileType = wrapper.framework; name = Foundation.framework; path = System/Library/Frameworks/Foundation.framework; sourceTree = SDKROOT; };
		E932CB7418DC6F1C00D8A287 /* CoreGraphics.framework */ = {isa = PBXFileReference; lastKnownFileType = wrapper.framework; name = CoreGraphics.framework; path = System/Library/Frameworks/CoreGraphics.framework; sourceTree = SDKROOT; };
		E932CB7618DC6F1C00D8A287 /* UIKit.framework */ = {isa = PBXFileReference; lastKnownFileType = wrapper.framework; name = UIKit.framework; path = System/Library/Frameworks/UIKit.framework; sourceTree = SDKROOT; };
		E932CB7A18DC6F1C00D8A287 /* Info.plist */ = {isa = PBXFileReference; lastKnownFileType = text.plist.xml; path = Info.plist; sourceTree = "<group>"; };
		E932CB7C18DC6F1C00D8A287 /* en */ = {isa = PBXFileReference; lastKnownFileType = text.plist.strings; name = en; path = en.lproj/InfoPlist.strings; sourceTree = "<group>"; };
		E932CB7E18DC6F1C00D8A287 /* main.m */ = {isa = PBXFileReference; lastKnownFileType = sourcecode.c.objc; path = main.m; sourceTree = "<group>"; };
		E932CB8018DC6F1C00D8A287 /* Prefix.pch */ = {isa = PBXFileReference; lastKnownFileType = sourcecode.c.h; path = Prefix.pch; sourceTree = "<group>"; };
		E932CB8118DC6F1C00D8A287 /* AppDelegate.h */ = {isa = PBXFileReference; lastKnownFileType = sourcecode.c.h; path = AppDelegate.h; sourceTree = "<group>"; };
		E932CB8218DC6F1C00D8A287 /* AppDelegate.m */ = {isa = PBXFileReference; lastKnownFileType = sourcecode.c.objc; path = AppDelegate.m; sourceTree = "<group>"; };
		E932CB8518DC6F1C00D8A287 /* Base */ = {isa = PBXFileReference; lastKnownFileType = file.storyboard; name = Base; path = Base.lproj/Main.storyboard; sourceTree = "<group>"; };
		E932CB8D18DC6F1C00D8A287 /* Images.xcassets */ = {isa = PBXFileReference; lastKnownFileType = folder.assetcatalog; path = Images.xcassets; sourceTree = "<group>"; };
		E932CB9318DC6F1C00D8A287 /* iOS Tests.xctest */ = {isa = PBXFileReference; explicitFileType = wrapper.cfbundle; includeInIndex = 0; path = "iOS Tests.xctest"; sourceTree = BUILT_PRODUCTS_DIR; };
		E932CB9418DC6F1C00D8A287 /* XCTest.framework */ = {isa = PBXFileReference; lastKnownFileType = wrapper.framework; name = XCTest.framework; path = Library/Frameworks/XCTest.framework; sourceTree = DEVELOPER_DIR; };
		E932CB9C18DC6F1C00D8A287 /* iOS Tests-Info.plist */ = {isa = PBXFileReference; lastKnownFileType = text.plist.xml; path = "iOS Tests-Info.plist"; sourceTree = "<group>"; };
		E932CBAA18DC6F5700D8A287 /* TableViewController.h */ = {isa = PBXFileReference; fileEncoding = 4; lastKnownFileType = sourcecode.c.h; path = TableViewController.h; sourceTree = "<group>"; };
		E932CBAB18DC6F5700D8A287 /* TableViewController.m */ = {isa = PBXFileReference; fileEncoding = 4; lastKnownFileType = sourcecode.c.objc; path = TableViewController.m; sourceTree = "<group>"; };
/* End PBXFileReference section */

/* Begin PBXFrameworksBuildPhase section */
		E900396518EB6184003FB19C /* Frameworks */ = {
			isa = PBXFrameworksBuildPhase;
			buildActionMask = 2147483647;
			files = (
				E900396918EB6184003FB19C /* XCTest.framework in Frameworks */,
				0E737BF5F98846F9B5BE409F /* libPods-osx.a in Frameworks */,
			);
			runOnlyForDeploymentPostprocessing = 0;
		};
		E932CB6C18DC6F1C00D8A287 /* Frameworks */ = {
			isa = PBXFrameworksBuildPhase;
			buildActionMask = 2147483647;
			files = (
				E932CB7518DC6F1C00D8A287 /* CoreGraphics.framework in Frameworks */,
				E932CB7718DC6F1C00D8A287 /* UIKit.framework in Frameworks */,
				E932CB7318DC6F1C00D8A287 /* Foundation.framework in Frameworks */,
				AA95CFB5D4D645FBA33970FA /* libPods-ios.a in Frameworks */,
			);
			runOnlyForDeploymentPostprocessing = 0;
		};
		E932CB9018DC6F1C00D8A287 /* Frameworks */ = {
			isa = PBXFrameworksBuildPhase;
			buildActionMask = 2147483647;
			files = (
				E932CB9518DC6F1C00D8A287 /* XCTest.framework in Frameworks */,
				E932CB9718DC6F1C00D8A287 /* UIKit.framework in Frameworks */,
				E932CB9618DC6F1C00D8A287 /* Foundation.framework in Frameworks */,
			);
			runOnlyForDeploymentPostprocessing = 0;
		};
/* End PBXFrameworksBuildPhase section */

/* Begin PBXGroup section */
		E900396A18EB6184003FB19C /* OS X Tests */ = {
			isa = PBXGroup;
			children = (
				E900396B18EB6184003FB19C /* Supporting Files */,
			);
			path = "OS X Tests";
			sourceTree = "<group>";
		};
		E900396B18EB6184003FB19C /* Supporting Files */ = {
			isa = PBXGroup;
			children = (
				DD56A69E12D24C7B804FA6B8 /* Pods-osx.xcconfig */,
				E900396C18EB6184003FB19C /* OS X Tests-Info.plist */,
			);
			name = "Supporting Files";
			sourceTree = "<group>";
		};
		E900397618EB6293003FB19C /* Tests */ = {
			isa = PBXGroup;
			children = (
				E900397718EB6293003FB19C /* TFGRelativeDateFormatterTests.m */,
			);
			name = Tests;
			path = ../Tests;
			sourceTree = "<group>";
		};
		E932CB6618DC6F1C00D8A287 = {
			isa = PBXGroup;
			children = (
				E932CB7818DC6F1C00D8A287 /* TFGRelativeDateFormatterExample */,
				E932CB9A18DC6F1C00D8A287 /* iOS Tests */,
				E900396A18EB6184003FB19C /* OS X Tests */,
				E900397618EB6293003FB19C /* Tests */,
				E932CB7118DC6F1C00D8A287 /* Frameworks */,
				E932CB7018DC6F1C00D8A287 /* Products */,
			);
			sourceTree = "<group>";
		};
		E932CB7018DC6F1C00D8A287 /* Products */ = {
			isa = PBXGroup;
			children = (
				E932CB6F18DC6F1C00D8A287 /* TFGRelativeDateFormatterExample.app */,
				E932CB9318DC6F1C00D8A287 /* iOS Tests.xctest */,
				E900396818EB6184003FB19C /* OS X Tests.xctest */,
			);
			name = Products;
			sourceTree = "<group>";
		};
		E932CB7118DC6F1C00D8A287 /* Frameworks */ = {
			isa = PBXGroup;
			children = (
				E932CB7218DC6F1C00D8A287 /* Foundation.framework */,
				E932CB7418DC6F1C00D8A287 /* CoreGraphics.framework */,
				E932CB7618DC6F1C00D8A287 /* UIKit.framework */,
				E932CB9418DC6F1C00D8A287 /* XCTest.framework */,
				49DBB748A3DF4C4C84ED8224 /* libPods.a */,
				E7DFEC00B6F6492F9C1ED891 /* libPods-TFGRelativeDateFormatterExample.a */,
				2889AC4E03F84AEBA00A58C0 /* libPods-ios.a */,
				16AA506B5C92411F99D47C04 /* libPods-osx.a */,
			);
			name = Frameworks;
			sourceTree = "<group>";
		};
		E932CB7818DC6F1C00D8A287 /* TFGRelativeDateFormatterExample */ = {
			isa = PBXGroup;
			children = (
				E932CB8118DC6F1C00D8A287 /* AppDelegate.h */,
				E932CB8218DC6F1C00D8A287 /* AppDelegate.m */,
				E932CB8418DC6F1C00D8A287 /* Main.storyboard */,
				E932CB8D18DC6F1C00D8A287 /* Images.xcassets */,
				E932CB7918DC6F1C00D8A287 /* Supporting Files */,
				E932CBAA18DC6F5700D8A287 /* TableViewController.h */,
				E932CBAB18DC6F5700D8A287 /* TableViewController.m */,
			);
			path = TFGRelativeDateFormatterExample;
			sourceTree = "<group>";
		};
		E932CB7918DC6F1C00D8A287 /* Supporting Files */ = {
			isa = PBXGroup;
			children = (
				6F30E993EF6F4C018AF1C078 /* Pods-ios.xcconfig */,
				E932CB7A18DC6F1C00D8A287 /* Info.plist */,
				E932CB7B18DC6F1C00D8A287 /* InfoPlist.strings */,
				E932CB7E18DC6F1C00D8A287 /* main.m */,
				E932CB8018DC6F1C00D8A287 /* Prefix.pch */,
			);
			name = "Supporting Files";
			sourceTree = "<group>";
		};
		E932CB9A18DC6F1C00D8A287 /* iOS Tests */ = {
			isa = PBXGroup;
			children = (
				E932CB9B18DC6F1C00D8A287 /* Supporting Files */,
			);
			path = "iOS Tests";
			sourceTree = "<group>";
		};
		E932CB9B18DC6F1C00D8A287 /* Supporting Files */ = {
			isa = PBXGroup;
			children = (
				E932CB9C18DC6F1C00D8A287 /* iOS Tests-Info.plist */,
			);
			name = "Supporting Files";
			sourceTree = "<group>";
		};
/* End PBXGroup section */

/* Begin PBXNativeTarget section */
		E900396718EB6184003FB19C /* OS X Tests */ = {
			isa = PBXNativeTarget;
			buildConfigurationList = E900397518EB6184003FB19C /* Build configuration list for PBXNativeTarget "OS X Tests" */;
			buildPhases = (
				4B3D8BE219044221AF51206B /* Check Pods Manifest.lock */,
				E900396418EB6184003FB19C /* Sources */,
				E900396518EB6184003FB19C /* Frameworks */,
			);
			buildRules = (
			);
			dependencies = (
			);
			name = "OS X Tests";
			productName = "OS X Tests";
			productReference = E900396818EB6184003FB19C /* OS X Tests.xctest */;
			productType = "com.apple.product-type.bundle.unit-test";
		};
		E932CB6E18DC6F1C00D8A287 /* TFGRelativeDateFormatterExample */ = {
			isa = PBXNativeTarget;
			buildConfigurationList = E932CBA418DC6F1C00D8A287 /* Build configuration list for PBXNativeTarget "TFGRelativeDateFormatterExample" */;
			buildPhases = (
				53E3C389185549DB94937A1C /* Check Pods Manifest.lock */,
				E932CB6B18DC6F1C00D8A287 /* Sources */,
				E932CB6C18DC6F1C00D8A287 /* Frameworks */,
				E932CB6D18DC6F1C00D8A287 /* Resources */,
				4A83DD283BEE4014A17B16CD /* Copy Pods Resources */,
			);
			buildRules = (
			);
			dependencies = (
			);
			name = TFGRelativeDateFormatterExample;
			productName = TFGRelativeDateFormatterExample;
			productReference = E932CB6F18DC6F1C00D8A287 /* TFGRelativeDateFormatterExample.app */;
			productType = "com.apple.product-type.application";
		};
		E932CB9218DC6F1C00D8A287 /* iOS Tests */ = {
			isa = PBXNativeTarget;
			buildConfigurationList = E932CBA718DC6F1C00D8A287 /* Build configuration list for PBXNativeTarget "iOS Tests" */;
			buildPhases = (
				E932CB8F18DC6F1C00D8A287 /* Sources */,
				E932CB9018DC6F1C00D8A287 /* Frameworks */,
				E932CB9118DC6F1C00D8A287 /* Resources */,
			);
			buildRules = (
			);
			dependencies = (
				E932CB9918DC6F1C00D8A287 /* PBXTargetDependency */,
			);
			name = "iOS Tests";
			productName = TFGRelativeDateFormatterExampleTests;
			productReference = E932CB9318DC6F1C00D8A287 /* iOS Tests.xctest */;
			productType = "com.apple.product-type.bundle.unit-test";
		};
/* End PBXNativeTarget section */

/* Begin PBXProject section */
		E932CB6718DC6F1C00D8A287 /* Project object */ = {
			isa = PBXProject;
			attributes = {
				LastUpgradeCheck = 0510;
				ORGANIZATIONNAME = "Thomas Guthrie";
				TargetAttributes = {
					E900396718EB6184003FB19C = {
						TestTargetID = E932CB6E18DC6F1C00D8A287;
					};
					E932CB9218DC6F1C00D8A287 = {
						TestTargetID = E932CB6E18DC6F1C00D8A287;
					};
				};
			};
			buildConfigurationList = E932CB6A18DC6F1C00D8A287 /* Build configuration list for PBXProject "TFGRelativeDateFormatterExample" */;
			compatibilityVersion = "Xcode 3.2";
			developmentRegion = English;
			hasScannedForEncodings = 0;
			knownRegions = (
				en,
				Base,
			);
			mainGroup = E932CB6618DC6F1C00D8A287;
			productRefGroup = E932CB7018DC6F1C00D8A287 /* Products */;
			projectDirPath = "";
			projectRoot = "";
			targets = (
				E932CB6E18DC6F1C00D8A287 /* TFGRelativeDateFormatterExample */,
				E932CB9218DC6F1C00D8A287 /* iOS Tests */,
				E900396718EB6184003FB19C /* OS X Tests */,
			);
		};
/* End PBXProject section */

/* Begin PBXResourcesBuildPhase section */
		E932CB6D18DC6F1C00D8A287 /* Resources */ = {
			isa = PBXResourcesBuildPhase;
			buildActionMask = 2147483647;
			files = (
				E932CB8E18DC6F1C00D8A287 /* Images.xcassets in Resources */,
				E932CB7D18DC6F1C00D8A287 /* InfoPlist.strings in Resources */,
				E932CB8618DC6F1C00D8A287 /* Main.storyboard in Resources */,
			);
			runOnlyForDeploymentPostprocessing = 0;
		};
		E932CB9118DC6F1C00D8A287 /* Resources */ = {
			isa = PBXResourcesBuildPhase;
			buildActionMask = 2147483647;
			files = (
			);
			runOnlyForDeploymentPostprocessing = 0;
		};
/* End PBXResourcesBuildPhase section */

/* Begin PBXShellScriptBuildPhase section */
		4A83DD283BEE4014A17B16CD /* Copy Pods Resources */ = {
			isa = PBXShellScriptBuildPhase;
			buildActionMask = 2147483647;
			files = (
			);
			inputPaths = (
			);
			name = "Copy Pods Resources";
			outputPaths = (
			);
			runOnlyForDeploymentPostprocessing = 0;
			shellPath = /bin/sh;
			shellScript = "\"${SRCROOT}/Pods/Pods-ios-resources.sh\"\n";
			showEnvVarsInLog = 0;
		};
		4B3D8BE219044221AF51206B /* Check Pods Manifest.lock */ = {
			isa = PBXShellScriptBuildPhase;
			buildActionMask = 2147483647;
			files = (
			);
			inputPaths = (
			);
			name = "Check Pods Manifest.lock";
			outputPaths = (
			);
			runOnlyForDeploymentPostprocessing = 0;
			shellPath = /bin/sh;
			shellScript = "diff \"${PODS_ROOT}/../Podfile.lock\" \"${PODS_ROOT}/Manifest.lock\" > /dev/null\nif [[ $? != 0 ]] ; then\n    cat << EOM\nerror: The sandbox is not in sync with the Podfile.lock. Run 'pod install' or update your CocoaPods installation.\nEOM\n    exit 1\nfi\n";
			showEnvVarsInLog = 0;
		};
		53E3C389185549DB94937A1C /* Check Pods Manifest.lock */ = {
			isa = PBXShellScriptBuildPhase;
			buildActionMask = 2147483647;
			files = (
			);
			inputPaths = (
			);
			name = "Check Pods Manifest.lock";
			outputPaths = (
			);
			runOnlyForDeploymentPostprocessing = 0;
			shellPath = /bin/sh;
			shellScript = "diff \"${PODS_ROOT}/../Podfile.lock\" \"${PODS_ROOT}/Manifest.lock\" > /dev/null\nif [[ $? != 0 ]] ; then\n    cat << EOM\nerror: The sandbox is not in sync with the Podfile.lock. Run 'pod install' or update your CocoaPods installation.\nEOM\n    exit 1\nfi\n";
			showEnvVarsInLog = 0;
		};
/* End PBXShellScriptBuildPhase section */

/* Begin PBXSourcesBuildPhase section */
		E900396418EB6184003FB19C /* Sources */ = {
			isa = PBXSourcesBuildPhase;
			buildActionMask = 2147483647;
			files = (
				E900397918EB6293003FB19C /* TFGRelativeDateFormatterTests.m in Sources */,
			);
			runOnlyForDeploymentPostprocessing = 0;
		};
		E932CB6B18DC6F1C00D8A287 /* Sources */ = {
			isa = PBXSourcesBuildPhase;
			buildActionMask = 2147483647;
			files = (
				E932CB8318DC6F1C00D8A287 /* AppDelegate.m in Sources */,
				E932CBAC18DC6F5700D8A287 /* TableViewController.m in Sources */,
				E932CB7F18DC6F1C00D8A287 /* main.m in Sources */,
			);
			runOnlyForDeploymentPostprocessing = 0;
		};
		E932CB8F18DC6F1C00D8A287 /* Sources */ = {
			isa = PBXSourcesBuildPhase;
			buildActionMask = 2147483647;
			files = (
				E900397818EB6293003FB19C /* TFGRelativeDateFormatterTests.m in Sources */,
			);
			runOnlyForDeploymentPostprocessing = 0;
		};
/* End PBXSourcesBuildPhase section */

/* Begin PBXTargetDependency section */
		E932CB9918DC6F1C00D8A287 /* PBXTargetDependency */ = {
			isa = PBXTargetDependency;
			target = E932CB6E18DC6F1C00D8A287 /* TFGRelativeDateFormatterExample */;
			targetProxy = E932CB9818DC6F1C00D8A287 /* PBXContainerItemProxy */;
		};
/* End PBXTargetDependency section */

/* Begin PBXVariantGroup section */
		E932CB7B18DC6F1C00D8A287 /* InfoPlist.strings */ = {
			isa = PBXVariantGroup;
			children = (
				E932CB7C18DC6F1C00D8A287 /* en */,
			);
			name = InfoPlist.strings;
			sourceTree = "<group>";
		};
		E932CB8418DC6F1C00D8A287 /* Main.storyboard */ = {
			isa = PBXVariantGroup;
			children = (
				E932CB8518DC6F1C00D8A287 /* Base */,
			);
			name = Main.storyboard;
			sourceTree = "<group>";
		};
/* End PBXVariantGroup section */

/* Begin XCBuildConfiguration section */
		E900397318EB6184003FB19C /* Debug */ = {
			isa = XCBuildConfiguration;
			baseConfigurationReference = DD56A69E12D24C7B804FA6B8 /* Pods-osx.xcconfig */;
			buildSettings = {
				COMBINE_HIDPI_IMAGES = YES;
				FRAMEWORK_SEARCH_PATHS = (
					"$(DEVELOPER_FRAMEWORKS_DIR)",
					"$(inherited)",
				);
				GCC_ENABLE_OBJC_EXCEPTIONS = YES;
				GCC_PRECOMPILE_PREFIX_HEADER = YES;
				GCC_PREPROCESSOR_DEFINITIONS = "$(inherited)";
				INFOPLIST_FILE = "OS X Tests/OS X Tests-Info.plist";
				MACOSX_DEPLOYMENT_TARGET = 10.9;
				PRODUCT_NAME = "$(TARGET_NAME)";
				SDKROOT = macosx;
				WRAPPER_EXTENSION = xctest;
			};
			name = Debug;
		};
		E900397418EB6184003FB19C /* Release */ = {
			isa = XCBuildConfiguration;
			baseConfigurationReference = DD56A69E12D24C7B804FA6B8 /* Pods-osx.xcconfig */;
			buildSettings = {
				COMBINE_HIDPI_IMAGES = YES;
				DEBUG_INFORMATION_FORMAT = "dwarf-with-dsym";
				FRAMEWORK_SEARCH_PATHS = (
					"$(DEVELOPER_FRAMEWORKS_DIR)",
					"$(inherited)",
				);
				GCC_ENABLE_OBJC_EXCEPTIONS = YES;
				GCC_PRECOMPILE_PREFIX_HEADER = YES;
				INFOPLIST_FILE = "OS X Tests/OS X Tests-Info.plist";
				MACOSX_DEPLOYMENT_TARGET = 10.9;
				PRODUCT_NAME = "$(TARGET_NAME)";
				SDKROOT = macosx;
				WRAPPER_EXTENSION = xctest;
			};
			name = Release;
		};
		E932CBA218DC6F1C00D8A287 /* Debug */ = {
			isa = XCBuildConfiguration;
			buildSettings = {
				ALWAYS_SEARCH_USER_PATHS = NO;
				CLANG_CXX_LANGUAGE_STANDARD = "gnu++0x";
				CLANG_CXX_LIBRARY = "libc++";
				CLANG_ENABLE_MODULES = YES;
				CLANG_ENABLE_OBJC_ARC = YES;
				CLANG_WARN_BOOL_CONVERSION = YES;
				CLANG_WARN_CONSTANT_CONVERSION = YES;
				CLANG_WARN_DIRECT_OBJC_ISA_USAGE = YES_ERROR;
				CLANG_WARN_EMPTY_BODY = YES;
				CLANG_WARN_ENUM_CONVERSION = YES;
				CLANG_WARN_INT_CONVERSION = YES;
				CLANG_WARN_OBJC_ROOT_CLASS = YES_ERROR;
				CLANG_WARN__DUPLICATE_METHOD_MATCH = YES;
				"CODE_SIGN_IDENTITY[sdk=iphoneos*]" = "iPhone Developer";
				COPY_PHASE_STRIP = NO;
				GCC_C_LANGUAGE_STANDARD = gnu99;
				GCC_DYNAMIC_NO_PIC = NO;
				GCC_OPTIMIZATION_LEVEL = 0;
				GCC_PREPROCESSOR_DEFINITIONS = (
					"DEBUG=1",
					"$(inherited)",
				);
				GCC_SYMBOLS_PRIVATE_EXTERN = NO;
				GCC_WARN_64_TO_32_BIT_CONVERSION = YES;
				GCC_WARN_ABOUT_RETURN_TYPE = YES_ERROR;
				GCC_WARN_UNDECLARED_SELECTOR = YES;
				GCC_WARN_UNINITIALIZED_AUTOS = YES_AGGRESSIVE;
				GCC_WARN_UNUSED_FUNCTION = YES;
				GCC_WARN_UNUSED_VARIABLE = YES;
				IPHONEOS_DEPLOYMENT_TARGET = 7.1;
				ONLY_ACTIVE_ARCH = YES;
				SDKROOT = iphoneos;
			};
			name = Debug;
		};
		E932CBA318DC6F1C00D8A287 /* Release */ = {
			isa = XCBuildConfiguration;
			buildSettings = {
				ALWAYS_SEARCH_USER_PATHS = NO;
				CLANG_CXX_LANGUAGE_STANDARD = "gnu++0x";
				CLANG_CXX_LIBRARY = "libc++";
				CLANG_ENABLE_MODULES = YES;
				CLANG_ENABLE_OBJC_ARC = YES;
				CLANG_WARN_BOOL_CONVERSION = YES;
				CLANG_WARN_CONSTANT_CONVERSION = YES;
				CLANG_WARN_DIRECT_OBJC_ISA_USAGE = YES_ERROR;
				CLANG_WARN_EMPTY_BODY = YES;
				CLANG_WARN_ENUM_CONVERSION = YES;
				CLANG_WARN_INT_CONVERSION = YES;
				CLANG_WARN_OBJC_ROOT_CLASS = YES_ERROR;
				CLANG_WARN__DUPLICATE_METHOD_MATCH = YES;
				"CODE_SIGN_IDENTITY[sdk=iphoneos*]" = "iPhone Developer";
				COPY_PHASE_STRIP = YES;
				ENABLE_NS_ASSERTIONS = NO;
				GCC_C_LANGUAGE_STANDARD = gnu99;
				GCC_WARN_64_TO_32_BIT_CONVERSION = YES;
				GCC_WARN_ABOUT_RETURN_TYPE = YES_ERROR;
				GCC_WARN_UNDECLARED_SELECTOR = YES;
				GCC_WARN_UNINITIALIZED_AUTOS = YES_AGGRESSIVE;
				GCC_WARN_UNUSED_FUNCTION = YES;
				GCC_WARN_UNUSED_VARIABLE = YES;
				IPHONEOS_DEPLOYMENT_TARGET = 7.1;
				SDKROOT = iphoneos;
				VALIDATE_PRODUCT = YES;
			};
			name = Release;
		};
		E932CBA518DC6F1C00D8A287 /* Debug */ = {
			isa = XCBuildConfiguration;
			baseConfigurationReference = 6F30E993EF6F4C018AF1C078 /* Pods-ios.xcconfig */;
			buildSettings = {
				ASSETCATALOG_COMPILER_APPICON_NAME = AppIcon;
				ASSETCATALOG_COMPILER_LAUNCHIMAGE_NAME = LaunchImage;
				GCC_PRECOMPILE_PREFIX_HEADER = YES;
				GCC_PREFIX_HEADER = TFGRelativeDateFormatterExample/Prefix.pch;
				INFOPLIST_FILE = TFGRelativeDateFormatterExample/Info.plist;
				PRODUCT_NAME = "$(TARGET_NAME)";
				WRAPPER_EXTENSION = app;
			};
			name = Debug;
		};
		E932CBA618DC6F1C00D8A287 /* Release */ = {
			isa = XCBuildConfiguration;
			baseConfigurationReference = 6F30E993EF6F4C018AF1C078 /* Pods-ios.xcconfig */;
			buildSettings = {
				ASSETCATALOG_COMPILER_APPICON_NAME = AppIcon;
				ASSETCATALOG_COMPILER_LAUNCHIMAGE_NAME = LaunchImage;
				GCC_PRECOMPILE_PREFIX_HEADER = YES;
				GCC_PREFIX_HEADER = TFGRelativeDateFormatterExample/Prefix.pch;
				INFOPLIST_FILE = TFGRelativeDateFormatterExample/Info.plist;
				PRODUCT_NAME = "$(TARGET_NAME)";
				WRAPPER_EXTENSION = app;
			};
			name = Release;
		};
		E932CBA818DC6F1C00D8A287 /* Debug */ = {
			isa = XCBuildConfiguration;
			baseConfigurationReference = 6F30E993EF6F4C018AF1C078 /* Pods-ios.xcconfig */;
			buildSettings = {
				BUNDLE_LOADER = "$(BUILT_PRODUCTS_DIR)/TFGRelativeDateFormatterExample.app/TFGRelativeDateFormatterExample";
				FRAMEWORK_SEARCH_PATHS = (
					"$(SDKROOT)/Developer/Library/Frameworks",
					"$(inherited)",
					"$(DEVELOPER_FRAMEWORKS_DIR)",
				);
				GCC_PRECOMPILE_PREFIX_HEADER = YES;
				GCC_PREFIX_HEADER = TFGRelativeDateFormatterExample/Prefix.pch;
				GCC_PREPROCESSOR_DEFINITIONS = "$(inherited)";
				INFOPLIST_FILE = "iOS Tests/iOS Tests-Info.plist";
				PRODUCT_NAME = "$(TARGET_NAME)";
				TEST_HOST = "$(BUNDLE_LOADER)";
				WRAPPER_EXTENSION = xctest;
			};
			name = Debug;
		};
		E932CBA918DC6F1C00D8A287 /* Release */ = {
			isa = XCBuildConfiguration;
			baseConfigurationReference = 6F30E993EF6F4C018AF1C078 /* Pods-ios.xcconfig */;
			buildSettings = {
				BUNDLE_LOADER = "$(BUILT_PRODUCTS_DIR)/TFGRelativeDateFormatterExample.app/TFGRelativeDateFormatterExample";
				FRAMEWORK_SEARCH_PATHS = (
					"$(SDKROOT)/Developer/Library/Frameworks",
					"$(inherited)",
					"$(DEVELOPER_FRAMEWORKS_DIR)",
				);
				GCC_PRECOMPILE_PREFIX_HEADER = YES;
				GCC_PREFIX_HEADER = TFGRelativeDateFormatterExample/Prefix.pch;
				INFOPLIST_FILE = "iOS Tests/iOS Tests-Info.plist";
				PRODUCT_NAME = "$(TARGET_NAME)";
				TEST_HOST = "$(BUNDLE_LOADER)";
				WRAPPER_EXTENSION = xctest;
			};
			name = Release;
		};
/* End XCBuildConfiguration section */

/* Begin XCConfigurationList section */
		E900397518EB6184003FB19C /* Build configuration list for PBXNativeTarget "OS X Tests" */ = {
			isa = XCConfigurationList;
			buildConfigurations = (
				E900397318EB6184003FB19C /* Debug */,
				E900397418EB6184003FB19C /* Release */,
			);
			defaultConfigurationIsVisible = 0;
			defaultConfigurationName = Release;
		};
		E932CB6A18DC6F1C00D8A287 /* Build configuration list for PBXProject "TFGRelativeDateFormatterExample" */ = {
			isa = XCConfigurationList;
			buildConfigurations = (
				E932CBA218DC6F1C00D8A287 /* Debug */,
				E932CBA318DC6F1C00D8A287 /* Release */,
			);
			defaultConfigurationIsVisible = 0;
			defaultConfigurationName = Release;
		};
		E932CBA418DC6F1C00D8A287 /* Build configuration list for PBXNativeTarget "TFGRelativeDateFormatterExample" */ = {
			isa = XCConfigurationList;
			buildConfigurations = (
				E932CBA518DC6F1C00D8A287 /* Debug */,
				E932CBA618DC6F1C00D8A287 /* Release */,
			);
			defaultConfigurationIsVisible = 0;
			defaultConfigurationName = Release;
		};
		E932CBA718DC6F1C00D8A287 /* Build configuration list for PBXNativeTarget "iOS Tests" */ = {
			isa = XCConfigurationList;
			buildConfigurations = (
				E932CBA818DC6F1C00D8A287 /* Debug */,
				E932CBA918DC6F1C00D8A287 /* Release */,
			);
			defaultConfigurationIsVisible = 0;
			defaultConfigurationName = Release;
		};
/* End XCConfigurationList section */
	};
	rootObject = E932CB6718DC6F1C00D8A287 /* Project object */;
}
